{
    "_readme": [
        "This file locks the dependencies of your project to a known state",
        "Read more about it at https://getcomposer.org/doc/01-basic-usage.md#installing-dependencies",
        "This file is @generated automatically"
    ],
    "content-hash": "2fd1c60dcf97196098a7e3a1ad10f024",
    "packages": [
        {
            "name": "johnbillion/args",
            "version": "2.1.0",
            "source": {
                "type": "git",
                "url": "https://github.com/johnbillion/args.git",
                "reference": "464f53c1eff41eaa7e7aec9d5e03a2c8cfb2b783"
            },
            "dist": {
                "type": "zip",
                "url": "https://api.github.com/repos/johnbillion/args/zipball/464f53c1eff41eaa7e7aec9d5e03a2c8cfb2b783",
                "reference": "464f53c1eff41eaa7e7aec9d5e03a2c8cfb2b783",
                "shasum": ""
            },
            "require": {
                "php": ">=8.0"
            },
            "require-dev": {
                "ergebnis/json-printer": "^3.2",
                "ergebnis/phpstan-rules": "^1.0",
                "humanmade/coding-standards": "1.2.1",
                "johnbillion/falsey-assertequals-detector": "^3",
                "phpdocumentor/reflection": "~4.0 || ~5.0",
                "phpstan/phpstan": "1.12.5",
                "phpstan/phpstan-phpunit": "1.4.0",
                "phpstan/phpstan-strict-rules": "1.6.1",
                "phpunit/phpunit": "^9.0",
                "roots/wordpress-core-installer": "^1.0.0",
                "roots/wordpress-full": "6.6",
                "szepeviktor/phpstan-wordpress": "1.3.5"
            },
            "type": "library",
            "extra": {
                "args-shapes": [
                    {
                        "function": "\\get_categories()",
                        "param": "args",
                        "file": "vendor/wordpress/wordpress/wp-includes/category.php"
                    },
                    {
                        "function": "\\get_comments()",
                        "param": "args",
                        "file": "vendor/wordpress/wordpress/wp-includes/comment.php"
                    },
                    {
                        "function": "\\get_posts()",
                        "param": "args",
                        "file": "vendor/wordpress/wordpress/wp-includes/post.php"
                    },
                    {
                        "function": "\\get_tags()",
                        "param": "args",
                        "file": "vendor/wordpress/wordpress/wp-includes/category.php"
                    },
                    {
                        "function": "\\get_terms()",
                        "param": "args",
                        "file": "vendor/wordpress/wordpress/wp-includes/taxonomy.php"
                    },
                    {
                        "function": "\\get_users()",
                        "param": "args",
                        "file": "vendor/wordpress/wordpress/wp-includes/user.php"
                    },
                    {
                        "function": "\\paginate_links()",
                        "param": "args",
                        "file": "vendor/wordpress/wordpress/wp-includes/general-template.php"
                    },
                    {
                        "function": "\\register_block_type()",
                        "param": "args",
                        "file": "vendor/wordpress/wordpress/wp-includes/blocks.php"
                    },
                    {
                        "function": "\\register_meta()",
                        "param": "args",
                        "file": "vendor/wordpress/wordpress/wp-includes/meta.php"
                    },
                    {
                        "function": "\\register_post_meta()",
                        "param": "args",
                        "file": "vendor/wordpress/wordpress/wp-includes/post.php"
                    },
                    {
                        "function": "\\register_post_status()",
                        "param": "args",
                        "file": "vendor/wordpress/wordpress/wp-includes/post.php"
                    },
                    {
                        "function": "\\register_post_type()",
                        "param": "args",
                        "file": "vendor/wordpress/wordpress/wp-includes/post.php"
                    },
                    {
                        "function": "\\register_rest_field()",
                        "param": "args",
                        "file": "vendor/wordpress/wordpress/wp-includes/rest-api.php"
                    },
                    {
                        "function": "\\register_setting()",
                        "param": "args",
                        "file": "vendor/wordpress/wordpress/wp-includes/option.php"
                    },
                    {
                        "function": "\\register_taxonomy()",
                        "param": "args",
                        "file": "vendor/wordpress/wordpress/wp-includes/taxonomy.php"
                    },
                    {
                        "function": "\\register_term_meta()",
                        "param": "args",
                        "file": "vendor/wordpress/wordpress/wp-includes/taxonomy.php"
                    },
                    {
                        "function": "\\wp_count_terms()",
                        "param": "args",
                        "file": "vendor/wordpress/wordpress/wp-includes/taxonomy.php"
                    },
                    {
                        "function": "\\wp_die()",
                        "param": "args",
                        "file": "vendor/wordpress/wordpress/wp-includes/functions.php"
                    },
                    {
                        "function": "\\wp_dropdown_categories()",
                        "param": "args",
                        "file": "vendor/wordpress/wordpress/wp-includes/category-template.php"
                    },
                    {
                        "function": "\\wp_dropdown_languages()",
                        "param": "args",
                        "file": "vendor/wordpress/wordpress/wp-includes/l10n.php"
                    },
                    {
                        "function": "\\wp_generate_tag_cloud()",
                        "param": "args",
                        "file": "vendor/wordpress/wordpress/wp-includes/category-template.php"
                    },
                    {
                        "function": "\\wp_get_nav_menus()",
                        "param": "args",
                        "file": "vendor/wordpress/wordpress/wp-includes/nav-menu.php"
                    },
                    {
                        "function": "\\wp_get_object_terms()",
                        "param": "args",
                        "file": "vendor/wordpress/wordpress/wp-includes/taxonomy.php"
                    },
                    {
                        "function": "\\wp_insert_post()",
                        "param": "postarr",
                        "file": "vendor/wordpress/wordpress/wp-includes/post.php"
                    },
                    {
                        "function": "\\wp_insert_term()",
                        "param": "args",
                        "file": "vendor/wordpress/wordpress/wp-includes/taxonomy.php"
                    },
                    {
                        "function": "\\wp_insert_user()",
                        "param": "userdata",
                        "file": "vendor/wordpress/wordpress/wp-includes/user.php"
                    },
                    {
                        "function": "\\wp_nav_menu()",
                        "param": "args",
                        "file": "vendor/wordpress/wordpress/wp-includes/nav-menu-template.php"
                    },
                    {
                        "function": "\\wp_remote_get()",
                        "param": "args",
                        "file": "vendor/wordpress/wordpress/wp-includes/http.php"
                    },
                    {
                        "function": "\\wp_remote_head()",
                        "param": "args",
                        "file": "vendor/wordpress/wordpress/wp-includes/http.php"
                    },
                    {
                        "function": "\\wp_remote_post()",
                        "param": "args",
                        "file": "vendor/wordpress/wordpress/wp-includes/http.php"
                    },
                    {
                        "function": "\\wp_remote_request()",
                        "param": "args",
                        "file": "vendor/wordpress/wordpress/wp-includes/http.php"
                    },
                    {
                        "function": "\\wp_safe_remote_get()",
                        "param": "args",
                        "file": "vendor/wordpress/wordpress/wp-includes/http.php"
                    },
                    {
                        "function": "\\wp_safe_remote_head()",
                        "param": "args",
                        "file": "vendor/wordpress/wordpress/wp-includes/http.php"
                    },
                    {
                        "function": "\\wp_safe_remote_post()",
                        "param": "args",
                        "file": "vendor/wordpress/wordpress/wp-includes/http.php"
                    },
                    {
                        "function": "\\wp_safe_remote_request()",
                        "param": "args",
                        "file": "vendor/wordpress/wordpress/wp-includes/http.php"
                    },
                    {
                        "function": "\\wp_update_post()",
                        "param": "postarr",
                        "file": "vendor/wordpress/wordpress/wp-includes/post.php"
                    },
                    {
                        "function": "\\wp_update_term()",
                        "param": "args",
                        "file": "vendor/wordpress/wordpress/wp-includes/taxonomy.php"
                    },
                    {
                        "function": "\\wp_update_user()",
                        "param": "userdata",
                        "file": "vendor/wordpress/wordpress/wp-includes/user.php"
                    },
                    {
                        "method": "\\WP_Block_Type::__construct()",
                        "param": "args",
                        "file": "vendor/wordpress/wordpress/wp-includes/class-wp-block-type.php"
                    },
                    {
                        "method": "\\WP_Comment_Query::__construct()",
                        "param": "query",
                        "file": "vendor/wordpress/wordpress/wp-includes/class-wp-comment-query.php"
                    },
                    {
                        "method": "\\WP_Customize_Control::__construct()",
                        "param": "args",
                        "file": "vendor/wordpress/wordpress/wp-includes/class-wp-customize-control.php"
                    },
                    {
                        "method": "\\WP_Customize_Manager::__construct()",
                        "param": "args",
                        "file": "vendor/wordpress/wordpress/wp-includes/class-wp-customize-manager.php"
                    },
                    {
                        "method": "\\WP_Customize_Panel::__construct()",
                        "param": "args",
                        "file": "vendor/wordpress/wordpress/wp-includes/class-wp-customize-panel.php"
                    },
                    {
                        "method": "\\WP_Customize_Section::__construct()",
                        "param": "args",
                        "file": "vendor/wordpress/wordpress/wp-includes/class-wp-customize-section.php"
                    },
                    {
                        "method": "\\WP_Customize_Setting::__construct()",
                        "param": "args",
                        "file": "vendor/wordpress/wordpress/wp-includes/class-wp-customize-setting.php"
                    },
                    {
                        "method": "\\WP_Http::request()",
                        "param": "args",
                        "file": "vendor/wordpress/wordpress/wp-includes/class-wp-http.php"
                    },
                    {
                        "method": "\\WP_Query::parse_query()",
                        "param": "query",
                        "file": "vendor/wordpress/wordpress/wp-includes/class-wp-query.php"
                    },
                    {
                        "method": "\\WP_Term_Query::__construct()",
                        "param": "query",
                        "file": "vendor/wordpress/wordpress/wp-includes/class-wp-term-query.php"
                    },
                    {
                        "method": "\\WP_User_Query::prepare_query()",
                        "param": "query",
                        "file": "vendor/wordpress/wordpress/wp-includes/class-wp-user-query.php"
                    }
                ],
                "wordpress-install-dir": "vendor/wordpress/wordpress"
            },
            "autoload": {
                "psr-4": {
                    "Args\\": "src/"
                }
            },
            "notification-url": "https://packagist.org/downloads/",
            "license": [
                "GPL-2.0-or-later"
            ],
            "authors": [
                {
                    "name": "John Blackbourn",
                    "homepage": "https://johnblackbourn.com/"
                }
            ],
            "description": "I don't want to get into an argument about this.",
            "support": {
                "issues": "https://github.com/johnbillion/args/issues",
                "source": "https://github.com/johnbillion/args/tree/2.1.0"
            },
            "funding": [
                {
                    "url": "https://github.com/sponsors/johnbillion",
                    "type": "github"
                }
            ],
            "time": "2024-10-05T15:23:39+00:00"
        },
        {
            "name": "johnbillion/extended-cpts",
            "version": "5.0.9",
            "source": {
                "type": "git",
                "url": "https://github.com/johnbillion/extended-cpts.git",
                "reference": "98e974fd972205b419d658a18afa5f22350f477d"
            },
            "dist": {
                "type": "zip",
                "url": "https://api.github.com/repos/johnbillion/extended-cpts/zipball/98e974fd972205b419d658a18afa5f22350f477d",
                "reference": "98e974fd972205b419d658a18afa5f22350f477d",
                "shasum": ""
            },
            "require": {
                "johnbillion/args": "^1.4.1 || ^2.0",
                "php": ">= 7.4.0"
            },
            "require-dev": {
                "automattic/phpcs-neutron-standard": "1.7.0",
                "dealerdirect/phpcodesniffer-composer-installer": "^0.7",
                "johnbillion/falsey-assertequals-detector": "*",
                "johnbillion/plugin-infrastructure": "dev-trunk",
                "johnbillion/wp-compat": "0.1.0",
                "lucatume/wp-browser": ">=3.0.21 <3.5",
                "phpcompatibility/phpcompatibility-wp": "^2",
                "phpstan/phpstan": "1.12.2",
                "phpstan/phpstan-phpunit": "1.4.0",
                "roots/wordpress-core-installer": "^1.0.0",
                "roots/wordpress-full": "*",
                "szepeviktor/phpstan-wordpress": "1.1.6",
                "wp-coding-standards/wpcs": "2.3.0"
            },
            "type": "library",
            "extra": {
                "wordpress-install-dir": "vendor/wordpress/wordpress"
            },
            "autoload": {
                "files": [
                    "functions.php"
                ],
                "psr-4": {
                    "ExtCPTs\\": "src",
                    "ExtCPTs\\Tests\\": "tests/integration"
                }
            },
            "notification-url": "https://packagist.org/downloads/",
            "license": [
                "GPL-2.0-or-later"
            ],
            "authors": [
                {
                    "name": "John Blackbourn",
                    "homepage": "https://johnblackbourn.com/"
                }
            ],
            "description": "A library which provides extended functionality to WordPress custom post types and taxonomies.",
            "homepage": "https://github.com/johnbillion/extended-cpts/",
            "support": {
                "issues": "https://github.com/johnbillion/extended-cpts/issues",
                "source": "https://github.com/johnbillion/extended-cpts/tree/5.0.9"
            },
            "funding": [
                {
                    "url": "https://github.com/johnbillion",
                    "type": "github"
                }
            ],
            "time": "2024-09-29T16:07:18+00:00"
        }
    ],
    "packages-dev": [],
    "aliases": [],
    "minimum-stability": "stable",
    "stability-flags": [],
    "prefer-stable": false,
    "prefer-lowest": false,
    "platform": {
        "php": ">=8.1"
    },
    "platform-dev": [],
    "plugin-api-version": "2.6.0"
}
